# This file is autogenerated, do not edit; changes may be undone by the next 'dep ensure'.


[[projects]]
  digest = "1:38cb8048d614c675dc84d9fab42a3c46a0961b1f1d330f95724dd74349ffff65"
  name = "cloud.google.com/go"
  packages = [
    "bigquery",
    "civil",
    "compute/metadata",
    "iam",
    "internal",
    "internal/fields",
    "internal/optional",
    "internal/trace",
    "internal/version",
    "pubsub",
    "pubsub/apiv1",
    "pubsub/internal/distribution",
    "storage",
  ]
  pruneopts = "UT"
  revision = "28a4bc8c44b3acbcc482cff0cdf7de29a4688b61"
  version = "v0.35.1"

[[projects]]
  branch = "master"
  digest = "1:d6afaeed1502aa28e80a4ed0981d570ad91b2579193404256ce672ed0a609e0d"
  name = "github.com/beorn7/perks"
  packages = ["quantile"]
  pruneopts = "UT"
  revision = "3a771d992973f24aa725d07868b467d1ddfceafb"

[[projects]]
  digest = "1:ffe9824d294da03b391f44e1ae8281281b4afc1bdaa9588c9097785e3af10cec"
  name = "github.com/davecgh/go-spew"
  packages = ["spew"]
  pruneopts = "UT"
  revision = "8991bc29aa16c548c550c7ff78260e27b9ab7c73"
  version = "v1.1.1"

[[projects]]
  branch = "master"
  digest = "1:f2bc519aefa5511928d70d067ae2828cfa60fd3947cc8d166f070a0ce705f782"
  name = "github.com/golang/protobuf"
  packages = [
    "proto",
    "protoc-gen-go/descriptor",
    "ptypes",
    "ptypes/any",
    "ptypes/duration",
    "ptypes/empty",
    "ptypes/timestamp",
  ]
  pruneopts = "UT"
  revision = "d3c38a4eb4970272b87a425ae00ccc4548e2f9bb"

[[projects]]
  digest = "1:e4f5819333ac698d294fe04dbf640f84719658d5c7ce195b10060cc37292ce79"
  name = "github.com/golang/snappy"
  packages = ["."]
  pruneopts = "UT"
  revision = "2a8bb927dd31d8daada140a5d09578521ce5c36a"
  version = "v0.0.1"

[[projects]]
  digest = "1:582b704bebaa06b48c29b0cec224a6058a09c86883aaddabde889cd1a5f73e1b"
  name = "github.com/google/uuid"
  packages = ["."]
  pruneopts = "UT"
  revision = "0cd6bf5da1e1c83f8b45653022c74f71af0538a4"
  version = "v1.1.1"

[[projects]]
  digest = "1:f1f70abea1ab125d48396343b4c053f8fecfbdb943037bf3d29dc80c90fe60b3"
  name = "github.com/googleapis/gax-go"
  packages = ["v2"]
  pruneopts = "UT"
  revision = "beaecbbdd8af86aa3acf14180d53828ce69400b2"
  version = "v2.0.4"

[[projects]]
  digest = "1:67474f760e9ac3799f740db2c489e6423a4cde45520673ec123ac831ad849cb8"
  name = "github.com/hashicorp/golang-lru"
  packages = ["simplelru"]
  pruneopts = "UT"
  revision = "7087cb70de9f7a8bc0a10c375cb0d2280a8edf9c"
  version = "v0.5.1"

[[projects]]
  branch = "master"
  digest = "1:09333ad24b6543ca5635ee2485276aaaab057beea7df06ebfc2a2a76f226dcd2"
  name = "github.com/heptiolabs/healthcheck"
  packages = ["."]
  pruneopts = "UT"
  revision = "6ff867650f40c632367411120275478876202233"

[[projects]]
  digest = "1:ecd9aa82687cf31d1585d4ac61d0ba180e42e8a6182b85bd785fcca8dfeefc1b"
  name = "github.com/joho/godotenv"
  packages = ["."]
  pruneopts = "UT"
  revision = "23d116af351c84513e1946b527c88823e476be13"
  version = "v1.3.0"

[[projects]]
  digest = "1:513a6648edc70e4f25a9232c827f69b70f94251c0870df596132cee1486707e5"
  name = "github.com/loyalsys/couchbase"
  packages = ["."]
  pruneopts = "UT"
  revision = "b268254d5c9af6d11d269f539fe57b21c7304687"
  version = "v1.0.3"

[[projects]]
  digest = "1:a502ddbe1ff620457cbb7566d6f370593b0f3f783fedc3dd799c5c0f08692c68"
  name = "github.com/loyalsys/error"
  packages = ["."]
  pruneopts = "UT"
  revision = "a8051d80f1b25c577145eaab7e7c40d77f740f10"
  version = "v1.0.4"

[[projects]]
  digest = "1:800c03b3856f627e33e757b465f5dc7d7d59bbbeff48824a09a4bdda65115191"
  name = "github.com/loyalsys/google-cloud"
  packages = ["."]
  pruneopts = "UT"
  revision = "da7950fc40839522af0596946fa5d6a1af864181"
  version = "v1.0.17"

[[projects]]
  digest = "1:6de17a2a903dab91cf2f225865a80740facdda2addb8534281b4cc818af7e15b"
  name = "github.com/loyalsys/log"
  packages = ["."]
  pruneopts = "UT"
  revision = "6e6c91fbd7a8f660bfea65456ecdbb22ffa47fe1"
  version = "v1.0.23"

[[projects]]
  digest = "1:27deee5a155bc9139fca6550c18aae6780247a885560bd7ace0340ed0140262f"
  name = "github.com/loyalsys/lscorrid"
  packages = ["."]
  pruneopts = "UT"
  revision = "6cff65b1a14b82174caa41fce9156e7e4fcf233b"
  version = "v1.0.1"

[[projects]]
  digest = "1:6a1a93ae25824bb526b60883065d726954defa018bf4b4a40dce30a5416b4ab4"
  name = "github.com/loyalsys/lsenv"
  packages = ["."]
  pruneopts = "UT"
  revision = "796df17a3e2f54d12aac008898a0e89fd0ef9c3c"
  version = "v1.0.5"

[[projects]]
  digest = "1:bc70652d235c3f576df6cbaf903076bd2fd114f68ba82ce44a5b659f312e649b"
  name = "github.com/loyalsys/time"
  packages = ["."]
  pruneopts = "UT"
  revision = "043a349eb06c6820d8774742ccda6265f67289ff"
  version = "v1.0.5"

[[projects]]
  digest = "1:ff5ebae34cfbf047d505ee150de27e60570e8c394b3b8fdbb720ff6ac71985fc"
  name = "github.com/matttproud/golang_protobuf_extensions"
  packages = ["pbutil"]
  pruneopts = "UT"
  revision = "c12348ce28de40eed0136aa2b644d0ee0650e56c"
  version = "v1.0.1"

[[projects]]
  digest = "1:9ec6cf1df5ad1d55cf41a43b6b1e7e118a91bade4f68ff4303379343e40c0e25"
  name = "github.com/oklog/run"
  packages = ["."]
  pruneopts = "UT"
  revision = "4dadeb3030eda0273a12382bb2348ffc7c9d1a39"
  version = "v1.0.0"

[[projects]]
  digest = "1:9d7b1f07e44cada28e6160cb0a808ad2f71f32bd7114793fb0baa302db0e6229"
  name = "github.com/opentracing/opentracing-go"
  packages = [
    ".",
    "log",
  ]
  pruneopts = "UT"
  revision = "1949ddbfd147afd4d964a9f00b24eb291e0e7c38"
  version = "v1.0.2"

[[projects]]
  digest = "1:cf31692c14422fa27c83a05292eb5cbe0fb2775972e8f1f8446a71549bd8980b"
  name = "github.com/pkg/errors"
  packages = ["."]
  pruneopts = "UT"
  revision = "ba968bfe8b2f7e042a574c888954fccecfa385b4"
  version = "v0.8.1"

[[projects]]
  digest = "1:0028cb19b2e4c3112225cd871870f2d9cf49b9b4276531f03438a88e94be86fe"
  name = "github.com/pmezard/go-difflib"
  packages = ["difflib"]
  pruneopts = "UT"
  revision = "792786c7400a136282c1664665ae0a8db921c6c2"
  version = "v1.0.0"

[[projects]]
  branch = "master"
  digest = "1:fbe2da976970d237a1db5ed65fabfa3f820cc4bafec9132d9605cdb90509b6af"
  name = "github.com/prometheus/client_golang"
  packages = [
    "prometheus",
    "prometheus/internal",
  ]
  pruneopts = "UT"
  revision = "fa4aa9000d2863904891d193dea354d23f3d712a"

[[projects]]
  branch = "master"
  digest = "1:2d5cd61daa5565187e1d96bae64dbbc6080dacf741448e9629c64fd93203b0d4"
  name = "github.com/prometheus/client_model"
  packages = ["go"]
  pruneopts = "UT"
  revision = "fd36f4220a901265f90734c3183c5f0c91daa0b8"

[[projects]]
  digest = "1:35cf6bdf68db765988baa9c4f10cc5d7dda1126a54bd62e252dbcd0b1fc8da90"
  name = "github.com/prometheus/common"
  packages = [
    "expfmt",
    "internal/bitbucket.org/ww/goautoneg",
    "model",
  ]
  pruneopts = "UT"
  revision = "cfeb6f9992ffa54aaa4f2170ade4067ee478b250"
  version = "v0.2.0"

[[projects]]
  branch = "master"
  digest = "1:c31163bd62461e0c5f7ddc7363e39ef8d9e929693e77b5c11c709b05f9cb9219"
  name = "github.com/prometheus/procfs"
  packages = [
    ".",
    "internal/util",
    "iostats",
    "nfs",
    "xfs",
  ]
  pruneopts = "UT"
  revision = "40f3c57fb1983891f95378042bd0bfd590f52384"

[[projects]]
  digest = "1:ac83cf90d08b63ad5f7e020ef480d319ae890c208f8524622a2f3136e2686b02"
  name = "github.com/stretchr/objx"
  packages = ["."]
  pruneopts = "UT"
  revision = "477a77ecc69700c7cdeb1fa9e129548e1c1c393c"
  version = "v0.1.1"

[[projects]]
  digest = "1:0bcc464dabcfad5393daf87c3f8142911d0f6c52569b837e91a1c15e890265f3"
  name = "github.com/stretchr/testify"
  packages = [
    "assert",
    "mock",
  ]
  pruneopts = "UT"
  revision = "ffdc059bfe9ce6a4e144ba849dbedead332c6053"
  version = "v1.3.0"

[[projects]]
  digest = "1:1381b8539f9abce35487c1df5619c42d6920073a98aab88b68f33a4c8a0c7acc"
  name = "go.opencensus.io"
  packages = [
    ".",
    "exemplar",
    "internal",
    "internal/tagencoding",
    "plugin/ocgrpc",
    "plugin/ochttp",
    "plugin/ochttp/propagation/b3",
    "stats",
    "stats/internal",
    "stats/view",
    "tag",
    "trace",
    "trace/internal",
    "trace/propagation",
    "trace/tracestate",
  ]
  pruneopts = "UT"
  revision = "f305e5c4e2cf345eba88de13d10de1126fa45a61"
  version = "v0.19.1"

[[projects]]
  branch = "master"
  digest = "1:5b51b81e299d0dfd03f567fd8d8a2d7ee954b3b72c69292f07c49aae785b6dd9"
  name = "golang.org/x/net"
  packages = [
    "context",
    "context/ctxhttp",
    "http/httpguts",
    "http2",
    "http2/hpack",
    "idna",
    "internal/timeseries",
    "trace",
  ]
  pruneopts = "UT"
  revision = "d196dffd7c2beec1957382065df08bcc353b9706"

[[projects]]
  branch = "master"
  digest = "1:5e9f22cf754ab20a5dff0ae04b12516b112c5b81cd44dccccde148865084d730"
  name = "golang.org/x/oauth2"
  packages = [
    ".",
    "google",
    "internal",
    "jws",
    "jwt",
  ]
  pruneopts = "UT"
  revision = "e64efc72b421e893cbf63f17ba2221e7d6d0b0f3"

[[projects]]
  branch = "master"
  digest = "1:04a5b0e4138f98eef79ce12a955a420ee358e9f787044cc3a553ac3c3ade997e"
  name = "golang.org/x/sync"
  packages = [
    "errgroup",
    "semaphore",
  ]
  pruneopts = "UT"
  revision = "e225da77a7e68af35c70ccbf71af2b83e6acac3c"

[[projects]]
  branch = "master"
  digest = "1:5637b3b43405643229e55140bb3049dfa7d73957ba9ecfccc31cdadbfbe0b1f9"
  name = "golang.org/x/sys"
  packages = ["unix"]
  pruneopts = "UT"
  revision = "6c81ef8f67ca3f42fc9cd71dfbd5f35b0c4b5771"

[[projects]]
  digest = "1:a2ab62866c75542dd18d2b069fec854577a20211d7c0ea6ae746072a1dccdd18"
  name = "golang.org/x/text"
  packages = [
    "collate",
    "collate/build",
    "internal/colltab",
    "internal/gen",
    "internal/tag",
    "internal/triegen",
    "internal/ucd",
    "language",
    "secure/bidirule",
    "transform",
    "unicode/bidi",
    "unicode/cldr",
    "unicode/norm",
    "unicode/rangetable",
  ]
  pruneopts = "UT"
  revision = "f21a4dfb5e38f5895301dc265a8def02365cc3d0"
  version = "v0.3.0"

[[projects]]
  digest = "1:342deaa64f26e4fb3de0c133e578f81bb66060f03a12e0d05b3d5cb7b2877777"
  name = "google.golang.org/api"
  packages = [
    "bigquery/v2",
    "gensupport",
    "googleapi",
    "googleapi/internal/uritemplates",
    "googleapi/transport",
    "internal",
    "iterator",
    "option",
    "storage/v1",
    "support/bundler",
    "transport",
    "transport/grpc",
    "transport/http",
    "transport/http/internal/propagation",
  ]
  pruneopts = "UT"
  revision = "e742f5a8defa1f9f5d723dfa04c962e680dc33f0"
  version = "v0.2.0"

[[projects]]
  digest = "1:c4eaa5f79d36f76ef4bd0c4f96e36bc1b7b5a359528d1267f0cb7a5d58b7b5bb"
  name = "google.golang.org/appengine"
  packages = [
    ".",
    "internal",
    "internal/app_identity",
    "internal/base",
    "internal/datastore",
    "internal/log",
    "internal/modules",
    "internal/remote_api",
    "internal/socket",
    "internal/urlfetch",
    "socket",
    "urlfetch",
  ]
  pruneopts = "UT"
  revision = "e9657d882bb81064595ca3b56cbe2546bbabf7b1"
  version = "v1.4.0"

[[projects]]
  branch = "master"
  digest = "1:eea4670c7029c9a28006390c005f306bf4aa9965aebc2461592eb31066e83ee4"
  name = "google.golang.org/genproto"
  packages = [
    "googleapis/api/annotations",
    "googleapis/iam/v1",
    "googleapis/pubsub/v1",
    "googleapis/rpc/code",
    "googleapis/rpc/status",
    "protobuf/field_mask",
  ]
  pruneopts = "UT"
  revision = "5fe7a883aa19554f42890211544aa549836af7b7"

[[projects]]
  digest = "1:9153ffce82afcac3bf963f2aac8df53a34859e293e7329b00ef42eea00fe100f"
  name = "google.golang.org/grpc"
  packages = [
    ".",
    "balancer",
    "balancer/base",
    "balancer/roundrobin",
    "binarylog/grpc_binarylog_v1",
    "codes",
    "connectivity",
    "credentials",
    "credentials/internal",
    "credentials/oauth",
    "encoding",
    "encoding/proto",
    "grpclog",
    "internal",
    "internal/backoff",
    "internal/binarylog",
    "internal/channelz",
    "internal/envconfig",
    "internal/grpcrand",
    "internal/grpcsync",
    "internal/syscall",
    "internal/transport",
    "keepalive",
    "metadata",
    "naming",
    "peer",
    "resolver",
    "resolver/dns",
    "resolver/passthrough",
    "stats",
    "status",
    "tap",
  ]
  pruneopts = "UT"
  revision = "2fdaae294f38ed9a121193c51ec99fecd3b13eb7"
  version = "v1.19.0"

[[projects]]
  digest = "1:ba933372a945e683c5aa55138d64cea1e13a9f7f587b5f2a52cac39b5138fc97"
  name = "gopkg.in/couchbase/gocb.v1"
  packages = ["."]
  pruneopts = "UT"
  revision = "6b2b62622f1879b04fcbcff8863eda2da50b55e6"
  version = "v1.5.2"

[[projects]]
  digest = "1:95fc600062cee3516d382b9c4d6ef4b039b4a796110c9adaafc2566815e10ed6"
  name = "gopkg.in/couchbase/gocbcore.v7"
  packages = ["."]
  pruneopts = "UT"
  revision = "d6f6cc0c51cba2983dbff50e106394b755f847c4"
  version = "v7.1.11"

[[projects]]
  digest = "1:002e24bae6c5c2d00148cf04983fc5add942f5a929d38721d2f377dd7b5b6da9"
  name = "gopkg.in/couchbaselabs/gocbconnstr.v1"
  packages = ["."]
  pruneopts = "UT"
  revision = "896fab9ddffac355b8b5be5763ffcd15a78c475d"
  version = "v1.0.2"

[[projects]]
  digest = "1:ba6eeb69e706c4fa641a267d608c6daf84cca8dcdf077c71f1c6719eee4e1512"
  name = "gopkg.in/couchbaselabs/jsonx.v1"
  packages = ["."]
  pruneopts = "UT"
  revision = "5b7baa20429a46a5543ee259664cc86502738cad"
  version = "v1.0.0"

[solve-meta]
  analyzer-name = "dep"
  analyzer-version = 1
  input-imports = [
    "github.com/golang/protobuf/proto",
    "github.com/heptiolabs/healthcheck",
    "github.com/loyalsys/couchbase",
    "github.com/loyalsys/error",
    "github.com/loyalsys/google-cloud",
    "github.com/loyalsys/log",
    "github.com/loyalsys/lscorrid",
    "github.com/loyalsys/lsenv",
    "github.com/loyalsys/time",
    "github.com/oklog/run",
    "github.com/stretchr/testify/assert",
    "github.com/stretchr/testify/mock",
    "golang.org/x/net/context",
    "google.golang.org/grpc",
    "gopkg.in/couchbase/gocb.v1",
  ]
  solver-name = "gps-cdcl"
  solver-version = 1
